{
    "_readme": [
        "This file locks the dependencies of your project to a known state",
        "Read more about it at https://getcomposer.org/doc/01-basic-usage.md#installing-dependencies",
        "This file is @generated automatically"
    ],
    "content-hash": "c863a8c6bbe3c90fc881ead9700d4d46",
    "packages": [
        {
            "name": "bcosca/fatfree-core",
            "version": "3.7.2",
            "source": {
                "type": "git",
                "url": "https://github.com/bcosca/fatfree-core.git",
                "reference": "a0f7ecf456a2f1e099a9b6d7aedc22970be56030"
            },
            "dist": {
                "type": "zip",
                "url": "https://api.github.com/repos/bcosca/fatfree-core/zipball/a0f7ecf456a2f1e099a9b6d7aedc22970be56030",
                "reference": "a0f7ecf456a2f1e099a9b6d7aedc22970be56030",
                "shasum": ""
            },
            "require": {
                "php": ">=5.4"
            },
            "type": "library",
            "autoload": {
                "classmap": [
                    "."
                ]
            },
            "notification-url": "https://packagist.org/downloads/",
            "license": [
                "GPL-3.0"
            ],
            "description": "A powerful yet easy-to-use PHP micro-framework designed to help you build dynamic and robust Web applications - fast!",
            "homepage": "http://fatfreeframework.com/",
            "support": {
                "issues": "https://github.com/bcosca/fatfree-core/issues",
                "source": "https://github.com/bcosca/fatfree-core/tree/3.7.2"
            },
            "time": "2020-05-28T16:14:27+00:00"
        },
        {
            "name": "components/font-awesome",
            "version": "4.7.0",
            "source": {
                "type": "git",
                "url": "https://github.com/components/font-awesome.git",
                "reference": "885308b939369d147bec93174722786bc2c4eedd"
            },
            "dist": {
                "type": "zip",
                "url": "https://api.github.com/repos/components/font-awesome/zipball/885308b939369d147bec93174722786bc2c4eedd",
                "reference": "885308b939369d147bec93174722786bc2c4eedd",
                "shasum": ""
            },
            "type": "component",
            "extra": {
                "component": {
                    "styles": [
                        "css/font-awesome.css"
                    ],
                    "files": [
                        "css/font-awesome.min.css",
                        "css/font-awesome.css.map",
                        "fonts/*"
                    ]
                }
            },
            "notification-url": "https://packagist.org/downloads/",
            "license": [
                "MIT",
                "OFL-1.1"
            ],
            "description": "The iconic font designed for use with Twitter Bootstrap.",
            "support": {
                "issues": "https://github.com/components/font-awesome/issues",
                "source": "https://github.com/components/font-awesome/tree/master"
            },
            "time": "2016-10-25T10:56:23+00:00"
        },
        {
            "name": "components/jquery",
            "version": "3.5.1",
            "source": {
                "type": "git",
                "url": "https://github.com/components/jquery.git",
                "reference": "b33e8f0f9a1cb2ae390cf05d766a900b53d2125b"
            },
            "dist": {
                "type": "zip",
                "url": "https://api.github.com/repos/components/jquery/zipball/b33e8f0f9a1cb2ae390cf05d766a900b53d2125b",
                "reference": "b33e8f0f9a1cb2ae390cf05d766a900b53d2125b",
                "shasum": ""
            },
            "type": "component",
            "extra": {
                "component": {
                    "scripts": [
                        "jquery.js"
                    ],
                    "files": [
                        "jquery.min.js",
                        "jquery.min.map",
                        "jquery.slim.js",
                        "jquery.slim.min.js",
                        "jquery.slim.min.map"
                    ]
                }
            },
            "notification-url": "https://packagist.org/downloads/",
            "license": [
                "MIT"
            ],
            "authors": [
                {
                    "name": "JS Foundation and other contributors"
                }
            ],
            "description": "jQuery JavaScript Library",
            "homepage": "http://jquery.com",
            "support": {
                "forum": "http://forum.jquery.com",
                "irc": "irc://irc.freenode.org/jquery",
                "issues": "https://github.com/jquery/jquery/issues",
                "source": "https://github.com/jquery/jquery",
                "wiki": "http://docs.jquery.com/"
            },
            "time": "2020-05-05T13:21:02+00:00"
        },
        {
            "name": "formr/formr",
            "version": "1.2.2",
            "source": {
                "type": "git",
                "url": "https://github.com/formr/Formr.git",
                "reference": "bba97c25b290becacae38028a44a5b33ce922a46"
            },
            "dist": {
                "type": "zip",
                "url": "https://api.github.com/repos/formr/Formr/zipball/bba97c25b290becacae38028a44a5b33ce922a46",
                "reference": "bba97c25b290becacae38028a44a5b33ce922a46",
                "shasum": ""
            },
            "require": {
                "formr/formr": "^1.2",
                "php": ">=5.6"
            },
            "type": "library",
            "autoload": {
                "files": [
                    "class.formr.php"
                ]
            },
            "notification-url": "https://packagist.org/downloads/",
            "license": [
                "GPL-2.0-only"
            ],
            "authors": [
                {
                    "name": "Tim Gavin",
                    "homepage": "https://formr.github.io",
                    "role": "Original Author"
                }
            ],
            "description": "Formr is a PHP micro-framework which helps you build and validate forms quickly, painlessly, and without all the messy overhead.",
            "support": {
                "issues": "https://github.com/formr/Formr/issues",
                "source": "https://github.com/formr/Formr/tree/1.2.2"
            },
            "funding": [
                {
                    "url": "https://github.com/timgavin",
                    "type": "github"
                }
            ],
            "time": "2020-11-22T21:19:53+00:00"
        },
        {
            "name": "twbs/bootstrap",
            "version": "v4.5.3",
            "source": {
                "type": "git",
                "url": "https://github.com/twbs/bootstrap.git",
                "reference": "a716fb03f965dc0846df479e14388b1b4b93d7ce"
            },
            "dist": {
                "type": "zip",
                "url": "https://api.github.com/repos/twbs/bootstrap/zipball/a716fb03f965dc0846df479e14388b1b4b93d7ce",
                "reference": "a716fb03f965dc0846df479e14388b1b4b93d7ce",
                "shasum": ""
            },
            "replace": {
                "twitter/bootstrap": "self.version"
            },
            "type": "library",
            "extra": {
                "branch-alias": {
                    "dev-master": "3.3.x-dev"
                }
            },
            "notification-url": "https://packagist.org/downloads/",
            "license": [
                "MIT"
            ],
            "authors": [
                {
                    "name": "Mark Otto",
                    "email": "markdotto@gmail.com"
                },
                {
                    "name": "Jacob Thornton",
                    "email": "jacobthornton@gmail.com"
                }
            ],
            "description": "The most popular front-end framework for developing responsive, mobile first projects on the web.",
            "homepage": "https://getbootstrap.com/",
            "keywords": [
                "JS",
                "css",
                "framework",
                "front-end",
                "mobile-first",
                "responsive",
                "sass",
                "web"
            ],
            "support": {
                "issues": "https://github.com/twbs/bootstrap/issues",
                "source": "https://github.com/twbs/bootstrap/tree/v4.5.3"
            },
            "funding": [
                {
                    "url": "https://opencollective.com/bootstrap",
                    "type": "open_collective"
                }
            ],
            "time": "2020-10-13T15:38:30+00:00"
        },
        {
            "name": "xfra35/f3-access",
            "version": "v1.1.0",
            "source": {
                "type": "git",
                "url": "https://github.com/xfra35/f3-access.git",
                "reference": "8ce44f68b06f9edd1f19be8f38f11cd7a9002962"
            },
            "dist": {
                "type": "zip",
                "url": "https://api.github.com/repos/xfra35/f3-access/zipball/8ce44f68b06f9edd1f19be8f38f11cd7a9002962",
                "reference": "8ce44f68b06f9edd1f19be8f38f11cd7a9002962",
                "shasum": ""
            },
            "require": {
                "bcosca/fatfree-core": "3.*"
            },
            "type": "library",
            "autoload": {
                "classmap": [
                    "lib/"
                ]
            },
            "notification-url": "https://packagist.org/downloads/",
            "license": [
                "GPL-3.0"
            ],
            "description": "Route access control for the PHP Fat-Free Framework",
            "homepage": "https://github.com/xfra35/f3-access",
            "keywords": [
                "F3",
                "access control",
                "fatfree",
                "permissions"
            ],
            "support": {
                "issues": "https://github.com/xfra35/f3-access/issues",
                "source": "https://github.com/xfra35/f3-access/tree/v1.1.0"
            },
            "time": "2016-09-28T12:08:51+00:00"
        },
        {
            "name": "xfra35/f3-cron",
            "version": "v1.2.1",
            "source": {
                "type": "git",
                "url": "https://github.com/xfra35/f3-cron.git",
                "reference": "eba0a5574a8c35623307dd27135a67d76e4da12e"
            },
            "dist": {
                "type": "zip",
                "url": "https://api.github.com/repos/xfra35/f3-cron/zipball/eba0a5574a8c35623307dd27135a67d76e4da12e",
                "reference": "eba0a5574a8c35623307dd27135a67d76e4da12e",
                "shasum": ""
            },
            "require": {
                "bcosca/fatfree-core": "~3.5"
            },
            "type": "library",
            "autoload": {
                "classmap": [
                    "lib/"
                ]
            },
            "notification-url": "https://packagist.org/downloads/",
            "license": [
                "GPL-3.0-only"
            ],
            "description": "Job scheduling for the PHP Fat-Free Framework",
            "homepage": "https://github.com/xfra35/f3-cron",
            "keywords": [
                "F3",
                "cron",
                "fatfree",
                "scheduling"
            ],
            "support": {
                "issues": "https://github.com/xfra35/f3-cron/issues",
                "source": "https://github.com/xfra35/f3-cron/tree/v1.2.1"
            },
            "time": "2018-06-19T08:29:49+00:00"
        }
    ],
    "packages-dev": [],
    "aliases": [],
    "minimum-stability": "stable",
    "stability-flags": [],
    "prefer-stable": false,
    "prefer-lowest": false,
    "platform": [],
    "platform-dev": [],
    "plugin-api-version": "2.0.0"
}
