{
    "_readme": [
        "This file locks the dependencies of your project to a known state",
        "Read more about it at https://getcomposer.org/doc/01-basic-usage.md#installing-dependencies",
        "This file is @generated automatically"
    ],
    "content-hash": "15dc5cd88c25b84eed0b168f17fe5aa5",
    "packages": [
        {
            "name": "bcosca/fatfree-core",
            "version": "3.8.2",
            "source": {
                "type": "git",
                "url": "https://github.com/f3-factory/fatfree-core.git",
                "reference": "774692ce7698904d3cb35bbd4f79376bb17eeddc"
            },
            "dist": {
                "type": "zip",
                "url": "https://api.github.com/repos/f3-factory/fatfree-core/zipball/774692ce7698904d3cb35bbd4f79376bb17eeddc",
                "reference": "774692ce7698904d3cb35bbd4f79376bb17eeddc",
                "shasum": ""
            },
            "require": {
                "php": ">=5.4"
            },
            "type": "library",
            "autoload": {
                "classmap": [
                    "."
                ]
            },
            "notification-url": "https://packagist.org/downloads/",
            "license": [
                "GPL-3.0"
            ],
            "description": "A powerful yet easy-to-use PHP micro-framework designed to help you build dynamic and robust Web applications - fast!",
            "homepage": "http://fatfreeframework.com/",
            "support": {
                "issues": "https://github.com/f3-factory/fatfree-core/issues",
                "source": "https://github.com/f3-factory/fatfree-core/tree/3.8.2"
            },
            "time": "2023-07-23T22:11:30+00:00"
        },
        {
            "name": "components/font-awesome",
            "version": "4.7.0",
            "source": {
                "type": "git",
                "url": "https://github.com/components/font-awesome.git",
                "reference": "885308b939369d147bec93174722786bc2c4eedd"
            },
            "dist": {
                "type": "zip",
                "url": "https://api.github.com/repos/components/font-awesome/zipball/885308b939369d147bec93174722786bc2c4eedd",
                "reference": "885308b939369d147bec93174722786bc2c4eedd",
                "shasum": ""
            },
            "type": "component",
            "extra": {
                "component": {
                    "styles": [
                        "css/font-awesome.css"
                    ],
                    "files": [
                        "css/font-awesome.min.css",
                        "css/font-awesome.css.map",
                        "fonts/*"
                    ]
                }
            },
            "notification-url": "https://packagist.org/downloads/",
            "license": [
                "MIT",
                "OFL-1.1"
            ],
            "description": "The iconic font designed for use with Twitter Bootstrap.",
            "support": {
                "issues": "https://github.com/components/font-awesome/issues",
                "source": "https://github.com/components/font-awesome/tree/master"
            },
            "time": "2016-10-25T10:56:23+00:00"
        },
        {
            "name": "components/jquery",
            "version": "3.5.1",
            "source": {
                "type": "git",
                "url": "https://github.com/components/jquery.git",
                "reference": "b33e8f0f9a1cb2ae390cf05d766a900b53d2125b"
            },
            "dist": {
                "type": "zip",
                "url": "https://api.github.com/repos/components/jquery/zipball/b33e8f0f9a1cb2ae390cf05d766a900b53d2125b",
                "reference": "b33e8f0f9a1cb2ae390cf05d766a900b53d2125b",
                "shasum": ""
            },
            "type": "component",
            "extra": {
                "component": {
                    "scripts": [
                        "jquery.js"
                    ],
                    "files": [
                        "jquery.min.js",
                        "jquery.min.map",
                        "jquery.slim.js",
                        "jquery.slim.min.js",
                        "jquery.slim.min.map"
                    ]
                }
            },
            "notification-url": "https://packagist.org/downloads/",
            "license": [
                "MIT"
            ],
            "authors": [
                {
                    "name": "JS Foundation and other contributors"
                }
            ],
            "description": "jQuery JavaScript Library",
            "homepage": "http://jquery.com",
            "support": {
                "forum": "http://forum.jquery.com",
                "irc": "irc://irc.freenode.org/jquery",
                "issues": "https://github.com/jquery/jquery/issues",
                "source": "https://github.com/jquery/jquery",
                "wiki": "http://docs.jquery.com/"
            },
            "time": "2020-05-05T13:21:02+00:00"
        },
        {
            "name": "formr/formr",
            "version": "v1.4.11",
            "source": {
                "type": "git",
                "url": "https://github.com/formr/formr.git",
                "reference": "709459fb89c07a64bac113b190d2868eb980c310"
            },
            "dist": {
                "type": "zip",
                "url": "https://api.github.com/repos/formr/formr/zipball/709459fb89c07a64bac113b190d2868eb980c310",
                "reference": "709459fb89c07a64bac113b190d2868eb980c310",
                "shasum": ""
            },
            "require": {
                "php": ">=5.6"
            },
            "type": "library",
            "autoload": {
                "files": [
                    "class.formr.php"
                ]
            },
            "notification-url": "https://packagist.org/downloads/",
            "license": [
                "GPL-2.0-only"
            ],
            "authors": [
                {
                    "name": "Tim Gavin",
                    "homepage": "https://formr.github.io",
                    "role": "Original Author"
                }
            ],
            "description": "Formr is a PHP micro-framework which helps you build and validate forms quickly, painlessly, and without all the messy overhead.",
            "support": {
                "issues": "https://github.com/formr/formr/issues",
                "source": "https://github.com/formr/formr/tree/v1.4.11"
            },
            "funding": [
                {
                    "url": "https://github.com/timgavin",
                    "type": "github"
                }
            ],
            "time": "2024-02-08T20:48:43+00:00"
        },
        {
            "name": "twbs/bootstrap",
            "version": "v4.6.2",
            "source": {
                "type": "git",
                "url": "https://github.com/twbs/bootstrap.git",
                "reference": "e5643aaa89eb67327a5b4abe7db976f0ea276b70"
            },
            "dist": {
                "type": "zip",
                "url": "https://api.github.com/repos/twbs/bootstrap/zipball/e5643aaa89eb67327a5b4abe7db976f0ea276b70",
                "reference": "e5643aaa89eb67327a5b4abe7db976f0ea276b70",
                "shasum": ""
            },
            "replace": {
                "twitter/bootstrap": "self.version"
            },
            "type": "library",
            "extra": {
                "branch-alias": {
                    "dev-master": "3.3.x-dev"
                }
            },
            "notification-url": "https://packagist.org/downloads/",
            "license": [
                "MIT"
            ],
            "authors": [
                {
                    "name": "Mark Otto",
                    "email": "markdotto@gmail.com"
                },
                {
                    "name": "Jacob Thornton",
                    "email": "jacobthornton@gmail.com"
                }
            ],
            "description": "The most popular front-end framework for developing responsive, mobile first projects on the web.",
            "homepage": "https://getbootstrap.com/",
            "keywords": [
                "JS",
                "css",
                "framework",
                "front-end",
                "mobile-first",
                "responsive",
                "sass",
                "web"
            ],
            "support": {
                "issues": "https://github.com/twbs/bootstrap/issues",
                "source": "https://github.com/twbs/bootstrap/tree/v4.6.2"
            },
            "time": "2022-07-19T15:13:44+00:00"
        },
        {
            "name": "xfra35/f3-access",
            "version": "v1.2.2",
            "source": {
                "type": "git",
                "url": "https://github.com/xfra35/f3-access.git",
                "reference": "de8e697e3f61b7d4e0d71c448346f38162677796"
            },
            "dist": {
                "type": "zip",
                "url": "https://api.github.com/repos/xfra35/f3-access/zipball/de8e697e3f61b7d4e0d71c448346f38162677796",
                "reference": "de8e697e3f61b7d4e0d71c448346f38162677796",
                "shasum": ""
            },
            "require": {
                "bcosca/fatfree-core": "3.*"
            },
            "type": "library",
            "autoload": {
                "classmap": [
                    "lib/"
                ]
            },
            "notification-url": "https://packagist.org/downloads/",
            "license": [
                "GPL-3.0"
            ],
            "description": "Route access control for the PHP Fat-Free Framework",
            "homepage": "https://github.com/xfra35/f3-access",
            "keywords": [
                "F3",
                "access control",
                "fatfree",
                "permissions"
            ],
            "support": {
                "issues": "https://github.com/xfra35/f3-access/issues",
                "source": "https://github.com/xfra35/f3-access/tree/v1.2.2"
            },
            "time": "2021-04-29T16:52:25+00:00"
        },
        {
            "name": "xfra35/f3-cron",
            "version": "v1.2.1",
            "source": {
                "type": "git",
                "url": "https://github.com/xfra35/f3-cron.git",
                "reference": "eba0a5574a8c35623307dd27135a67d76e4da12e"
            },
            "dist": {
                "type": "zip",
                "url": "https://api.github.com/repos/xfra35/f3-cron/zipball/eba0a5574a8c35623307dd27135a67d76e4da12e",
                "reference": "eba0a5574a8c35623307dd27135a67d76e4da12e",
                "shasum": ""
            },
            "require": {
                "bcosca/fatfree-core": "~3.5"
            },
            "type": "library",
            "autoload": {
                "classmap": [
                    "lib/"
                ]
            },
            "notification-url": "https://packagist.org/downloads/",
            "license": [
                "GPL-3.0-only"
            ],
            "description": "Job scheduling for the PHP Fat-Free Framework",
            "homepage": "https://github.com/xfra35/f3-cron",
            "keywords": [
                "F3",
                "cron",
                "fatfree",
                "scheduling"
            ],
            "support": {
                "issues": "https://github.com/xfra35/f3-cron/issues",
                "source": "https://github.com/xfra35/f3-cron/tree/v1.2.1"
            },
            "time": "2018-06-19T08:29:49+00:00"
        }
    ],
    "packages-dev": [],
    "aliases": [],
    "minimum-stability": "stable",
    "stability-flags": [],
    "prefer-stable": false,
    "prefer-lowest": false,
    "platform": [],
    "platform-dev": [],
    "plugin-api-version": "2.6.0"
}
